
Microsoft Visual Studio Solution File, Format Version 12.00
# Visual Studio Version 17
VisualStudioVersion = 17.5.33516.290
MinimumVisualStudioVersion = 10.0.40219.1
Project("{FAE04EC0-301F-11D3-BF4B-00C04F79EFBC}") = "teamProject", "teamProject\teamProject.csproj", "{D335B6DD-8AB8-4549-A484-67F74FA42AA1}"
EndProject
Global
	GlobalSection(SolutionConfigurationPlatforms) = preSolution
		Debug|Any CPU = Debug|Any CPU
		Release|Any CPU = Release|Any CPU
	EndGlobalSection
	GlobalSection(ProjectConfigurationPlatforms) = postSolution
		{D335B6DD-8AB8-4549-A484-67F74FA42AA1}.Debug|Any CPU.ActiveCfg = Debug|Any CPU
		{D335B6DD-8AB8-4549-A484-67F74FA42AA1}.Debug|Any CPU.Build.0 = Debug|Any CPU
		{D335B6DD-8AB8-4549-A484-67F74FA42AA1}.Release|Any CPU.ActiveCfg = Release|Any CPU
		{D335B6DD-8AB8-4549-A484-67F74FA42AA1}.Release|Any CPU.Build.0 = Release|Any CPU
	EndGlobalSection
	GlobalSection(SolutionProperties) = preSolution
		HideSolutionNode = FALSE
	EndGlobalSection
	GlobalSection(ExtensibilityGlobals) = postSolution
		SolutionGuid = {908559C0-28AC-47CC-85F6-86D9061D6CAC}
	EndGlobalSection
EndGlobal
